
Microsoft Visual Studio Solution File, Format Version 12.00
# Visual Studio Version 17
VisualStudioVersion = 17.7.34018.315
MinimumVisualStudioVersion = 10.0.40219.1
Project("{FAE04EC0-301F-11D3-BF4B-00C04F79EFBC}") = "BookStore", "BookStore\BookStore.csproj", "{7B1E05A8-C8E4-455D-B375-BE3115AEE8BE}"
EndProject
Global
	GlobalSection(SolutionConfigurationPlatforms) = preSolution
		Debug|Any CPU = Debug|Any CPU
		Release|Any CPU = Release|Any CPU
	EndGlobalSection
	GlobalSection(ProjectConfigurationPlatforms) = postSolution
		{7B1E05A8-C8E4-455D-B375-BE3115AEE8BE}.Debug|Any CPU.ActiveCfg = Debug|Any CPU
		{7B1E05A8-C8E4-455D-B375-BE3115AEE8BE}.Debug|Any CPU.Build.0 = Debug|Any CPU
		{7B1E05A8-C8E4-455D-B375-BE3115AEE8BE}.Release|Any CPU.ActiveCfg = Release|Any CPU
		{7B1E05A8-C8E4-455D-B375-BE3115AEE8BE}.Release|Any CPU.Build.0 = Release|Any CPU
	EndGlobalSection
	GlobalSection(SolutionProperties) = preSolution
		HideSolutionNode = FALSE
	EndGlobalSection
	GlobalSection(ExtensibilityGlobals) = postSolution
		SolutionGuid = {9A7310EA-2818-4186-94CF-D406F5EBC6CC}
	EndGlobalSection
EndGlobal
